PODS:
  - AFNetworking (3.1.0):
    - AFNetworking/NSURLSession (= 3.1.0)
    - AFNetworking/Reachability (= 3.1.0)
    - AFNetworking/Security (= 3.1.0)
    - AFNetworking/Serialization (= 3.1.0)
    - AFNetworking/UIKit (= 3.1.0)
  - AFNetworking/NSURLSession (3.1.0):
    - AFNetworking/Reachability
    - AFNetworking/Security
    - AFNetworking/Serialization
  - AFNetworking/Reachability (3.1.0)
  - AFNetworking/Security (3.1.0)
  - AFNetworking/Serialization (3.1.0)
  - AFNetworking/UIKit (3.1.0):
    - AFNetworking/NSURLSession
  - Alamofire (4.6.0)
  - AlamofireImage (3.3.0):
    - Alamofire (~> 4.5)
  - BlocksKit (2.2.5):
    - BlocksKit/All (= 2.2.5)
  - BlocksKit/All (2.2.5):
    - BlocksKit/Core
    - BlocksKit/DynamicDelegate
    - BlocksKit/MessageUI
    - BlocksKit/UIKit
  - BlocksKit/Core (2.2.5)
  - BlocksKit/DynamicDelegate (2.2.5)
  - BlocksKit/MessageUI (2.2.5):
    - BlocksKit/Core
    - BlocksKit/DynamicDelegate
  - BlocksKit/UIKit (2.2.5):
    - BlocksKit/Core
    - BlocksKit/DynamicDelegate
  - Charts (3.0.2):
    - Charts/Core (= 3.0.2)
  - Charts/Core (3.0.2)
  - CocoaAsyncSocket (7.6.2)
  - Crashlytics (3.9.3):
    - Fabric (~> 1.7.2)
  - EasyMapping (0.21.2):
    - EasyMapping/Core (= 0.21.2)
  - EasyMapping/Core (0.21.2)
  - Fabric (1.7.2)
  - Firebase/Core (4.8.0):
    - FirebaseAnalytics (= 4.0.5)
    - FirebaseCore (= 4.0.13)
  - FirebaseAnalytics (4.0.5):
    - FirebaseCore (~> 4.0)
    - FirebaseInstanceID (~> 2.0)
    - "GoogleToolboxForMac/NSData+zlib (~> 2.1)"
    - nanopb (~> 0.3)
  - FirebaseCore (4.0.13):
    - "GoogleToolboxForMac/NSData+zlib (~> 2.1)"
  - FirebaseInstanceID (2.0.8):
    - FirebaseCore (~> 4.0)
  - GHODictionary (1.1.0)
  - GoogleToolboxForMac/Defines (2.1.3)
  - "GoogleToolboxForMac/NSData+zlib (2.1.3)":
    - GoogleToolboxForMac/Defines (= 2.1.3)
  - Koyomi (1.2.8)
  - KYDrawerController (2.0.4)
  - MBProgressHUD (1.1.0)
  - MDWamp (2.2.4):
    - CocoaAsyncSocket
    - MPMessagePack
    - SocketRocket
  - MPMessagePack (1.4.3):
    - GHODictionary
  - nanopb (0.3.8):
    - nanopb/decode (= 0.3.8)
    - nanopb/encode (= 0.3.8)
  - nanopb/decode (0.3.8)
  - nanopb/encode (0.3.8)
  - QRCodeReader.swift (7.5.1)
  - ReachabilitySwift (4.1.0)
  - RxCocoa (3.6.1):
    - RxSwift (~> 3.6)
  - RxDataSources (1.0.4):
    - RxCocoa (~> 3.0)
    - RxSwift (~> 3.0)
  - RxKeyboard (0.6.2):
    - RxCocoa (>= 3.4)
    - RxSwift (>= 3.4)
  - RxOptional (3.2.0):
    - RxCocoa
    - RxSwift
  - RxSwift (3.6.1)
  - RxSwiftExt (2.5.1):
    - RxSwiftExt/Core (= 2.5.1)
  - RxSwiftExt/Core (2.5.1):
    - RxSwift (~> 3.4)
  - SideMenu (3.1.5)
  - Siren (2.0.8)
  - SocketRocket (0.5.1)
  - SwiftReorder (2.0.2)
  - SwiftSpinner (1.5.0)
  - SWTableViewCell (0.3.7)
  - TextFieldEffects (1.4.0)
  - Toast (4.0.0)
  - UIDeviceIdentifier (1.1.1)
  - UIScrollView-InfiniteScroll (1.0.2)
  - Valet (2.4.2)
  - WalletCore (0.0.1):
    - AFNetworking
    - BlocksKit
    - EasyMapping
    - MDWamp
    - ReachabilitySwift
    - RxCocoa (~> 3.6.1)
    - RxKeyboard (~> 0.6.2)
    - RxOptional (~> 3.1)
    - RxSwift (~> 3.6.1)
    - RxSwiftExt (~> 2.4)
    - UIDeviceIdentifier
    - Valet
  - XLPagerTabStrip (7.0.0)

DEPENDENCIES:
  - Alamofire (~> 4.4)
  - AlamofireImage (~> 3.1)
  - Charts (= 3.0.2)
  - Crashlytics
  - Fabric
  - Firebase/Core
  - Koyomi (from `https://github.com/whoislyuboanyway/Koyomi`, branch `show-border-instead-of-filled-background`)
  - KYDrawerController
  - MBProgressHUD
  - QRCodeReader.swift (~> 7.5.0)
  - RxDataSources (~> 1.0)
  - SideMenu
  - Siren (from `https://github.com/ArtSabintsev/Siren.git`, branch `swift3.2`)
  - SwiftReorder (~> 2.0)
  - SwiftSpinner (from `https://github.com/StoykovPrime/SwiftSpinner`, branch `endless-loading-during-hide-transition`)
  - SWTableViewCell
  - TextFieldEffects (~> 1.3)
  - Toast
  - UIScrollView-InfiniteScroll (~> 1.0.0)
  - WalletCore (from `../WalletCoreiOS`)
  - XLPagerTabStrip (~> 7.0)

SPEC REPOS:
  https://github.com/cocoapods/specs.git:
    - AFNetworking
    - Alamofire
    - AlamofireImage
    - BlocksKit
    - Charts
    - CocoaAsyncSocket
    - Crashlytics
    - EasyMapping
    - Fabric
    - Firebase
    - FirebaseAnalytics
    - FirebaseCore
    - FirebaseInstanceID
    - GHODictionary
    - GoogleToolboxForMac
    - KYDrawerController
    - MBProgressHUD
    - MDWamp
    - MPMessagePack
    - nanopb
    - QRCodeReader.swift
    - ReachabilitySwift
    - RxCocoa
    - RxDataSources
    - RxKeyboard
    - RxOptional
    - RxSwift
    - RxSwiftExt
    - SideMenu
    - SocketRocket
    - SwiftReorder
    - SWTableViewCell
    - TextFieldEffects
    - Toast
    - UIDeviceIdentifier
    - UIScrollView-InfiniteScroll
    - Valet
    - XLPagerTabStrip

EXTERNAL SOURCES:
  Koyomi:
    :branch: show-border-instead-of-filled-background
    :git: https://github.com/whoislyuboanyway/Koyomi
  Siren:
    :branch: swift3.2
    :git: https://github.com/ArtSabintsev/Siren.git
  SwiftSpinner:
    :branch: endless-loading-during-hide-transition
    :git: https://github.com/StoykovPrime/SwiftSpinner
  WalletCore:
    :path: "../WalletCoreiOS"

CHECKOUT OPTIONS:
  Koyomi:
    :commit: b85679751589e3059ed2a163d6169632dacdebea
    :git: https://github.com/whoislyuboanyway/Koyomi
  Siren:
    :commit: f6590001df279b76ac05ea3d06ab347e44559441
    :git: https://github.com/ArtSabintsev/Siren.git
  SwiftSpinner:
    :commit: dc6bf20d9533fe85a9949f7d87cd4450350f0a17
    :git: https://github.com/StoykovPrime/SwiftSpinner

SPEC CHECKSUMS:
  AFNetworking: 5e0e199f73d8626b11e79750991f5d173d1f8b67
  Alamofire: f41a599bd63041760b26d393ec1069d9d7b917f4
  AlamofireImage: 2e784dc5d00f04903a52c1d169181469c805c3df
  BlocksKit: 7f422b971407001178d181a43b99014ea2591fe6
  Charts: 236d6ccdd0ce6feae151d89e829a7397381a21fd
  CocoaAsyncSocket: 3541e024f48c54b251638ef72d51dd42808de932
  Crashlytics: dbb07d01876c171c5ccbdf7826410380189e452c
  EasyMapping: 93c1f054da1bc5dff6aa332477b040bea7767841
  Fabric: 9cd6a848efcf1b8b07497e0b6a2e7d336353ba15
  Firebase: 710decbbc6d9d48530e9a5dba3209740c3532e05
  FirebaseAnalytics: 5b02a63ead2c3f0259cfc7f15e053e440587ecf8
  FirebaseCore: 3c02ec652db3d03fdc8bc6d9154af3e20d64b6f5
  FirebaseInstanceID: 81df5805a08001e69138664bdd02c6719a9ac80f
  GHODictionary: 225e042596a4b3d5b66b2b24250086b2f95514af
  GoogleToolboxForMac: 2501e2ad72a52eb3dfe7bd9aee7dad11b858bd20
  Koyomi: dc9df4ab78fd1fdf8b4597b755299ba9ff40ab53
  KYDrawerController: cf5839877c442132123e9d482f458821026defdf
  MBProgressHUD: e7baa36a220447d8aeb12769bf0585582f3866d9
  MDWamp: c41dd5e15ffb61f4f23d027c925173e8c2313c3b
  MPMessagePack: 6dc3a4b93bfdc7cdafcb64de62e2adc50cd99880
  nanopb: 5601e6bca2dbf1ed831b519092ec110f66982ca3
  QRCodeReader.swift: 686aa64b260327b8b0c976d8104dec2b088fd493
  ReachabilitySwift: 6849231cd4e06559f3b9ef4a97a0a0f96d41e09f
  RxCocoa: 84a08739ab186248c7f31ce4ee92d6f8a947d690
  RxDataSources: b3389acc5fe2eefb8fcd81a2b76a876ad08bc82a
  RxKeyboard: 09e6bd45070888cd9701e941b2324a49cc974a1b
  RxOptional: d2d6a68064bc16b4801332c40663967f481b0234
  RxSwift: f9de85ea20cd2f7716ee5409fc13523dc638e4e4
  RxSwiftExt: ec25c6df68d15ad6fe326792d60452b52e83d606
  SideMenu: 47dbf9e4d878062d8994aed43f6e4bf6c1fea30b
  Siren: 4269fa935d0d890ba57ca7cce0569cc285456ca9
  SocketRocket: d57c7159b83c3c6655745cd15302aa24b6bae531
  SwiftReorder: 92630efd492828601e837f1e3204d68708a2981c
  SwiftSpinner: f0fafbbc554ba45d2aa78e52879184a9ac045747
  SWTableViewCell: 2a94aadc9d47b2b611fa064566bf57948b95b579
  TextFieldEffects: 4ee41b5216e674d55fb6ac25107bf1af7629176f
  Toast: 91b396c56ee72a5790816f40d3a94dd357abc196
  UIDeviceIdentifier: 9281343882e24460235f00a0d7d2fc04a65688c6
  UIScrollView-InfiniteScroll: c132d6d5851daff229ab4a1060ccf70a05a051c9
  Valet: 14463ef24fab8fd5809044ecedb61484b799fdd6
  WalletCore: 95d4cbb9e4672f6425850cf6be13de91fdd97fd1
  XLPagerTabStrip: 9be80a66c6b7d60306b2c0a6004965016d68f813

PODFILE CHECKSUM: a5316707bbea12101701f5327e5782ac2542a949

COCOAPODS: 1.5.3
